dependencies:
- name: postgresql
  repository: https://charts.bitnami.com/bitnami
  version: 9.8.12
- name: keycloak
  repository: https://codecentric.github.io/helm-charts
  version: 11.0.0
digest: sha256:2f9ba0497cd33ca46bdc8a47482a4fd46d11b25b72b1f88e3a022e8ac0b8750d
generated: "2021-06-07T00:25:44.418627+03:00"
